
Microsoft Visual Studio Solution File, Format Version 12.00
# Visual Studio 14
VisualStudioVersion = 14.0.24720.0
MinimumVisualStudioVersion = 10.0.40219.1
Project("{2150E333-8FDC-42A3-9474-1A3956D46DE8}") = "web", "web", "{F65D1BBA-FE08-4C9E-97B2-EB5A1CEF94FB}"
EndProject
Project("{FAE04EC0-301F-11D3-BF4B-00C04F79EFBC}") = "MVCTemplate.Web", "web\MVCTemplate.web\MVCTemplate.Web.csproj", "{3199CCF3-A7DD-4D86-87C1-245A8C4C8AD5}"
EndProject
Project("{2150E333-8FDC-42A3-9474-1A3956D46DE8}") = "data", "data", "{CC7A43D8-A8F3-4BFA-9491-C57F08C289BD}"
EndProject
Project("{FAE04EC0-301F-11D3-BF4B-00C04F79EFBC}") = "MVCTemplate.Data", "data\MVCTemplate.Data\MVCTemplate.Data.csproj", "{8B0D2039-91B5-4598-920C-CC7DBD6FD9F2}"
EndProject
Project("{FAE04EC0-301F-11D3-BF4B-00C04F79EFBC}") = "MVCTemplate.Data.Common", "data\MVCTemplate.Data.Common\MVCTemplate.Data.Common.csproj", "{01560F0A-FFBB-4631-B626-79DB0ADE8DD7}"
EndProject
Project("{FAE04EC0-301F-11D3-BF4B-00C04F79EFBC}") = "MVCTemplate.Data.Model", "data\MVCTemplate.Data.Model\MVCTemplate.Data.Model.csproj", "{B20B31E1-1F43-4D3D-BFFD-AAF61693937C}"
EndProject
Project("{FAE04EC0-301F-11D3-BF4B-00C04F79EFBC}") = "MVCTemplate.Web.Infrastructure", "web\MVCTemplate.Web.Infrastructure\MVCTemplate.Web.Infrastructure.csproj", "{5693D8D9-E6C1-428B-B4A1-63E9B2017628}"
EndProject
Project("{2150E333-8FDC-42A3-9474-1A3956D46DE8}") = "services", "services", "{3D98D109-02AD-4242-9924-E714CFC653AA}"
EndProject
Project("{FAE04EC0-301F-11D3-BF4B-00C04F79EFBC}") = "MVCTemplate.Services.Data", "services\MVCTemplate.Services.Data\MVCTemplate.Services.Data.csproj", "{E5FE1F1F-68AA-4008-B73A-02EB044689CA}"
EndProject
Project("{2150E333-8FDC-42A3-9474-1A3956D46DE8}") = "tools", "tools", "{93A45D0F-060A-42C3-A860-54DCA2BB9C9C}"
EndProject
Project("{FAE04EC0-301F-11D3-BF4B-00C04F79EFBC}") = "Crawer", "tools\Crawer\Crawer.csproj", "{8070BF17-4D23-4DAF-A193-2BF42F731121}"
EndProject
Project("{FAE04EC0-301F-11D3-BF4B-00C04F79EFBC}") = "MVCTemplate.Services.Model", "services\MVCTemplate.Services.Model\MVCTemplate.Services.Model.csproj", "{778937F0-7397-430D-A050-BA90AF246124}"
EndProject
Global
	GlobalSection(SolutionConfigurationPlatforms) = preSolution
		Debug|Any CPU = Debug|Any CPU
		Release|Any CPU = Release|Any CPU
	EndGlobalSection
	GlobalSection(ProjectConfigurationPlatforms) = postSolution
		{3199CCF3-A7DD-4D86-87C1-245A8C4C8AD5}.Debug|Any CPU.ActiveCfg = Debug|Any CPU
		{3199CCF3-A7DD-4D86-87C1-245A8C4C8AD5}.Debug|Any CPU.Build.0 = Debug|Any CPU
		{3199CCF3-A7DD-4D86-87C1-245A8C4C8AD5}.Release|Any CPU.ActiveCfg = Release|Any CPU
		{3199CCF3-A7DD-4D86-87C1-245A8C4C8AD5}.Release|Any CPU.Build.0 = Release|Any CPU
		{8B0D2039-91B5-4598-920C-CC7DBD6FD9F2}.Debug|Any CPU.ActiveCfg = Debug|Any CPU
		{8B0D2039-91B5-4598-920C-CC7DBD6FD9F2}.Debug|Any CPU.Build.0 = Debug|Any CPU
		{8B0D2039-91B5-4598-920C-CC7DBD6FD9F2}.Release|Any CPU.ActiveCfg = Release|Any CPU
		{8B0D2039-91B5-4598-920C-CC7DBD6FD9F2}.Release|Any CPU.Build.0 = Release|Any CPU
		{01560F0A-FFBB-4631-B626-79DB0ADE8DD7}.Debug|Any CPU.ActiveCfg = Debug|Any CPU
		{01560F0A-FFBB-4631-B626-79DB0ADE8DD7}.Debug|Any CPU.Build.0 = Debug|Any CPU
		{01560F0A-FFBB-4631-B626-79DB0ADE8DD7}.Release|Any CPU.ActiveCfg = Release|Any CPU
		{01560F0A-FFBB-4631-B626-79DB0ADE8DD7}.Release|Any CPU.Build.0 = Release|Any CPU
		{B20B31E1-1F43-4D3D-BFFD-AAF61693937C}.Debug|Any CPU.ActiveCfg = Debug|Any CPU
		{B20B31E1-1F43-4D3D-BFFD-AAF61693937C}.Debug|Any CPU.Build.0 = Debug|Any CPU
		{B20B31E1-1F43-4D3D-BFFD-AAF61693937C}.Release|Any CPU.ActiveCfg = Release|Any CPU
		{B20B31E1-1F43-4D3D-BFFD-AAF61693937C}.Release|Any CPU.Build.0 = Release|Any CPU
		{5693D8D9-E6C1-428B-B4A1-63E9B2017628}.Debug|Any CPU.ActiveCfg = Debug|Any CPU
		{5693D8D9-E6C1-428B-B4A1-63E9B2017628}.Debug|Any CPU.Build.0 = Debug|Any CPU
		{5693D8D9-E6C1-428B-B4A1-63E9B2017628}.Release|Any CPU.ActiveCfg = Release|Any CPU
		{5693D8D9-E6C1-428B-B4A1-63E9B2017628}.Release|Any CPU.Build.0 = Release|Any CPU
		{E5FE1F1F-68AA-4008-B73A-02EB044689CA}.Debug|Any CPU.ActiveCfg = Debug|Any CPU
		{E5FE1F1F-68AA-4008-B73A-02EB044689CA}.Debug|Any CPU.Build.0 = Debug|Any CPU
		{E5FE1F1F-68AA-4008-B73A-02EB044689CA}.Release|Any CPU.ActiveCfg = Release|Any CPU
		{E5FE1F1F-68AA-4008-B73A-02EB044689CA}.Release|Any CPU.Build.0 = Release|Any CPU
		{8070BF17-4D23-4DAF-A193-2BF42F731121}.Debug|Any CPU.ActiveCfg = Debug|Any CPU
		{8070BF17-4D23-4DAF-A193-2BF42F731121}.Debug|Any CPU.Build.0 = Debug|Any CPU
		{8070BF17-4D23-4DAF-A193-2BF42F731121}.Release|Any CPU.ActiveCfg = Release|Any CPU
		{8070BF17-4D23-4DAF-A193-2BF42F731121}.Release|Any CPU.Build.0 = Release|Any CPU
		{778937F0-7397-430D-A050-BA90AF246124}.Debug|Any CPU.ActiveCfg = Debug|Any CPU
		{778937F0-7397-430D-A050-BA90AF246124}.Debug|Any CPU.Build.0 = Debug|Any CPU
		{778937F0-7397-430D-A050-BA90AF246124}.Release|Any CPU.ActiveCfg = Release|Any CPU
		{778937F0-7397-430D-A050-BA90AF246124}.Release|Any CPU.Build.0 = Release|Any CPU
	EndGlobalSection
	GlobalSection(SolutionProperties) = preSolution
		HideSolutionNode = FALSE
	EndGlobalSection
	GlobalSection(NestedProjects) = preSolution
		{3199CCF3-A7DD-4D86-87C1-245A8C4C8AD5} = {F65D1BBA-FE08-4C9E-97B2-EB5A1CEF94FB}
		{8B0D2039-91B5-4598-920C-CC7DBD6FD9F2} = {CC7A43D8-A8F3-4BFA-9491-C57F08C289BD}
		{01560F0A-FFBB-4631-B626-79DB0ADE8DD7} = {CC7A43D8-A8F3-4BFA-9491-C57F08C289BD}
		{B20B31E1-1F43-4D3D-BFFD-AAF61693937C} = {CC7A43D8-A8F3-4BFA-9491-C57F08C289BD}
		{5693D8D9-E6C1-428B-B4A1-63E9B2017628} = {F65D1BBA-FE08-4C9E-97B2-EB5A1CEF94FB}
		{E5FE1F1F-68AA-4008-B73A-02EB044689CA} = {3D98D109-02AD-4242-9924-E714CFC653AA}
		{8070BF17-4D23-4DAF-A193-2BF42F731121} = {93A45D0F-060A-42C3-A860-54DCA2BB9C9C}
		{778937F0-7397-430D-A050-BA90AF246124} = {3D98D109-02AD-4242-9924-E714CFC653AA}
	EndGlobalSection
EndGlobal
